
Microsoft Visual Studio Solution File, Format Version 12.00
# Visual Studio Version 16
VisualStudioVersion = 16.0.29920.165
MinimumVisualStudioVersion = 10.0.40219.1
Project("{9A19103F-16F7-4668-BE54-9A1E7A4F7556}") = "ChannelExample", "API\ChannelExample.csproj", "{1E10F328-ECCE-42E8-860B-722B35F43184}"
EndProject
Project("{9A19103F-16F7-4668-BE54-9A1E7A4F7556}") = "ExampleClient", "Client\ExampleClient.csproj", "{F7E2ED47-9C16-481E-B3E5-23993DE5C30D}"
EndProject
Global
	GlobalSection(SolutionConfigurationPlatforms) = preSolution
		Debug|Any CPU = Debug|Any CPU
		Release|Any CPU = Release|Any CPU
	EndGlobalSection
	GlobalSection(ProjectConfigurationPlatforms) = postSolution
		{1E10F328-ECCE-42E8-860B-722B35F43184}.Debug|Any CPU.ActiveCfg = Debug|Any CPU
		{1E10F328-ECCE-42E8-860B-722B35F43184}.Debug|Any CPU.Build.0 = Debug|Any CPU
		{1E10F328-ECCE-42E8-860B-722B35F43184}.Release|Any CPU.ActiveCfg = Release|Any CPU
		{1E10F328-ECCE-42E8-860B-722B35F43184}.Release|Any CPU.Build.0 = Release|Any CPU
		{F7E2ED47-9C16-481E-B3E5-23993DE5C30D}.Debug|Any CPU.ActiveCfg = Debug|Any CPU
		{F7E2ED47-9C16-481E-B3E5-23993DE5C30D}.Debug|Any CPU.Build.0 = Debug|Any CPU
		{F7E2ED47-9C16-481E-B3E5-23993DE5C30D}.Release|Any CPU.ActiveCfg = Release|Any CPU
		{F7E2ED47-9C16-481E-B3E5-23993DE5C30D}.Release|Any CPU.Build.0 = Release|Any CPU
	EndGlobalSection
	GlobalSection(SolutionProperties) = preSolution
		HideSolutionNode = FALSE
	EndGlobalSection
	GlobalSection(ExtensibilityGlobals) = postSolution
		SolutionGuid = {CFDF623F-5F3B-4FA9-90EA-94346CB46E8A}
	EndGlobalSection
EndGlobal
