
Microsoft Visual Studio Solution File, Format Version 12.00
# Visual Studio Version 16
VisualStudioVersion = 16.0.29920.165
MinimumVisualStudioVersion = 10.0.40219.1
Project("{FAE04EC0-301F-11D3-BF4B-00C04F79EFBC}") = "ChannelExample", "ChannelExample.csproj", "{169692BD-C7AC-4E57-B406-1F405A01C5DD}"
EndProject
Project("{FAE04EC0-301F-11D3-BF4B-00C04F79EFBC}") = "ExampleClient", "..\ExampleClient\ExampleClient.csproj", "{1CF3E9A2-A7CA-4C65-A407-D63BC9417875}"
EndProject
Global
	GlobalSection(SolutionConfigurationPlatforms) = preSolution
		Debug|Any CPU = Debug|Any CPU
		Release|Any CPU = Release|Any CPU
	EndGlobalSection
	GlobalSection(ProjectConfigurationPlatforms) = postSolution
		{169692BD-C7AC-4E57-B406-1F405A01C5DD}.Debug|Any CPU.ActiveCfg = Debug|Any CPU
		{169692BD-C7AC-4E57-B406-1F405A01C5DD}.Debug|Any CPU.Build.0 = Debug|Any CPU
		{169692BD-C7AC-4E57-B406-1F405A01C5DD}.Release|Any CPU.ActiveCfg = Release|Any CPU
		{169692BD-C7AC-4E57-B406-1F405A01C5DD}.Release|Any CPU.Build.0 = Release|Any CPU
		{1CF3E9A2-A7CA-4C65-A407-D63BC9417875}.Debug|Any CPU.ActiveCfg = Debug|Any CPU
		{1CF3E9A2-A7CA-4C65-A407-D63BC9417875}.Debug|Any CPU.Build.0 = Debug|Any CPU
		{1CF3E9A2-A7CA-4C65-A407-D63BC9417875}.Release|Any CPU.ActiveCfg = Release|Any CPU
		{1CF3E9A2-A7CA-4C65-A407-D63BC9417875}.Release|Any CPU.Build.0 = Release|Any CPU
	EndGlobalSection
	GlobalSection(SolutionProperties) = preSolution
		HideSolutionNode = FALSE
	EndGlobalSection
	GlobalSection(ExtensibilityGlobals) = postSolution
		SolutionGuid = {0C516C29-25D2-4BCB-8E55-0FB5244F7765}
	EndGlobalSection
EndGlobal
